// !$*UTF8*$!
{
	archiveVersion = 1;
	classes = {
	};
	objectVersion = 56;
	objects = {

/* Begin PBXBuildFile section */
		38F63CCF2AAE997D003F22FE /* AppDelegate.swift in Sources */ = {isa = PBXBuildFile; fileRef = 38F63CCE2AAE997D003F22FE /* AppDelegate.swift */; };
		38F63CD12AAE997D003F22FE /* SceneDelegate.swift in Sources */ = {isa = PBXBuildFile; fileRef = 38F63CD02AAE997D003F22FE /* SceneDelegate.swift */; };
		38F63CD32AAE997D003F22FE /* ViewController.swift in Sources */ = {isa = PBXBuildFile; fileRef = 38F63CD22AAE997D003F22FE /* ViewController.swift */; };
		38F63CD62AAE997D003F22FE /* Main.storyboard in Resources */ = {isa = PBXBuildFile; fileRef = 38F63CD42AAE997D003F22FE /* Main.storyboard */; };
		38F63CD82AAE9980003F22FE /* Assets.xcassets in Resources */ = {isa = PBXBuildFile; fileRef = 38F63CD72AAE9980003F22FE /* Assets.xcassets */; };
		38F63CDB2AAE9980003F22FE /* LaunchScreen.storyboard in Resources */ = {isa = PBXBuildFile; fileRef = 38F63CD92AAE9980003F22FE /* LaunchScreen.storyboard */; };
		38F63CEE2AAEAE33003F22FE /* Localizable.strings in Resources */ = {isa = PBXBuildFile; fileRef = 38F63CF02AAEAE33003F22FE /* Localizable.strings */; };
		38F63CF62AAEBAD1003F22FE /* String+Extension.swift in Sources */ = {isa = PBXBuildFile; fileRef = 38F63CF52AAEBAD1003F22FE /* String+Extension.swift */; };
		38F63CF92AAEBDE7003F22FE /* InfoPlist.strings in Resources */ = {isa = PBXBuildFile; fileRef = 38F63CFB2AAEBDE7003F22FE /* InfoPlist.strings */; };
/* End PBXBuildFile section */

/* Begin PBXFileReference section */
		38F63CCB2AAE997D003F22FE /* SeSAC3FreeImages.app */ = {isa = PBXFileReference; explicitFileType = wrapper.application; includeInIndex = 0; path = SeSAC3FreeImages.app; sourceTree = BUILT_PRODUCTS_DIR; };
		38F63CCE2AAE997D003F22FE /* AppDelegate.swift */ = {isa = PBXFileReference; lastKnownFileType = sourcecode.swift; path = AppDelegate.swift; sourceTree = "<group>"; };
		38F63CD02AAE997D003F22FE /* SceneDelegate.swift */ = {isa = PBXFileReference; lastKnownFileType = sourcecode.swift; path = SceneDelegate.swift; sourceTree = "<group>"; };
		38F63CD22AAE997D003F22FE /* ViewController.swift */ = {isa = PBXFileReference; lastKnownFileType = sourcecode.swift; path = ViewController.swift; sourceTree = "<group>"; };
		38F63CD52AAE997D003F22FE /* Base */ = {isa = PBXFileReference; lastKnownFileType = file.storyboard; name = Base; path = Base.lproj/Main.storyboard; sourceTree = "<group>"; };
		38F63CD72AAE9980003F22FE /* Assets.xcassets */ = {isa = PBXFileReference; lastKnownFileType = folder.assetcatalog; path = Assets.xcassets; sourceTree = "<group>"; };
		38F63CDA2AAE9980003F22FE /* Base */ = {isa = PBXFileReference; lastKnownFileType = file.storyboard; name = Base; path = Base.lproj/LaunchScreen.storyboard; sourceTree = "<group>"; };
		38F63CDC2AAE9980003F22FE /* Info.plist */ = {isa = PBXFileReference; lastKnownFileType = text.plist.xml; path = Info.plist; sourceTree = "<group>"; };
		38F63CE62AAE9CC6003F22FE /* ko */ = {isa = PBXFileReference; lastKnownFileType = text.plist.strings; name = ko; path = ko.lproj/Main.strings; sourceTree = "<group>"; };
		38F63CE72AAE9CC6003F22FE /* ko */ = {isa = PBXFileReference; lastKnownFileType = text.plist.strings; name = ko; path = ko.lproj/LaunchScreen.strings; sourceTree = "<group>"; };
		38F63CE82AAE9CD0003F22FE /* ja */ = {isa = PBXFileReference; lastKnownFileType = text.plist.strings; name = ja; path = ja.lproj/Main.strings; sourceTree = "<group>"; };
		38F63CE92AAE9CD0003F22FE /* ja */ = {isa = PBXFileReference; lastKnownFileType = text.plist.strings; name = ja; path = ja.lproj/LaunchScreen.strings; sourceTree = "<group>"; };
		38F63CEB2AAE9DC3003F22FE /* en */ = {isa = PBXFileReference; lastKnownFileType = text.plist.strings; name = en; path = en.lproj/Main.strings; sourceTree = "<group>"; };
		38F63CEF2AAEAE33003F22FE /* en */ = {isa = PBXFileReference; lastKnownFileType = text.plist.strings; name = en; path = en.lproj/Localizable.strings; sourceTree = "<group>"; };
		38F63CF12AAEAE39003F22FE /* ja */ = {isa = PBXFileReference; lastKnownFileType = text.plist.strings; name = ja; path = ja.lproj/Localizable.strings; sourceTree = "<group>"; };
		38F63CF22AAEAE3A003F22FE /* ko */ = {isa = PBXFileReference; lastKnownFileType = text.plist.strings; name = ko; path = ko.lproj/Localizable.strings; sourceTree = "<group>"; };
		38F63CF52AAEBAD1003F22FE /* String+Extension.swift */ = {isa = PBXFileReference; lastKnownFileType = sourcecode.swift; path = "String+Extension.swift"; sourceTree = "<group>"; };
		38F63CFA2AAEBDE7003F22FE /* en */ = {isa = PBXFileReference; lastKnownFileType = text.plist.strings; name = en; path = en.lproj/InfoPlist.strings; sourceTree = "<group>"; };
		38F63CFC2AAEBDEB003F22FE /* ja */ = {isa = PBXFileReference; lastKnownFileType = text.plist.strings; name = ja; path = ja.lproj/InfoPlist.strings; sourceTree = "<group>"; };
		38F63CFD2AAEBDEB003F22FE /* ko */ = {isa = PBXFileReference; lastKnownFileType = text.plist.strings; name = ko; path = ko.lproj/InfoPlist.strings; sourceTree = "<group>"; };
/* End PBXFileReference section */

/* Begin PBXFrameworksBuildPhase section */
		38F63CC82AAE997D003F22FE /* Frameworks */ = {
			isa = PBXFrameworksBuildPhase;
			buildActionMask = 2147483647;
			files = (
			);
			runOnlyForDeploymentPostprocessing = 0;
		};
/* End PBXFrameworksBuildPhase section */

/* Begin PBXGroup section */
		38F63CC22AAE997D003F22FE = {
			isa = PBXGroup;
			children = (
				38F63CCD2AAE997D003F22FE /* SeSAC3FreeImages */,
				38F63CCC2AAE997D003F22FE /* Products */,
			);
			sourceTree = "<group>";
		};
		38F63CCC2AAE997D003F22FE /* Products */ = {
			isa = PBXGroup;
			children = (
				38F63CCB2AAE997D003F22FE /* SeSAC3FreeImages.app */,
			);
			name = Products;
			sourceTree = "<group>";
		};
		38F63CCD2AAE997D003F22FE /* SeSAC3FreeImages */ = {
			isa = PBXGroup;
			children = (
				38F63CF42AAEBAC9003F22FE /* Extension */,
				38F63CE22AAE99FD003F22FE /* Application */,
				38F63CD72AAE9980003F22FE /* Assets.xcassets */,
				38F63CDC2AAE9980003F22FE /* Info.plist */,
				38F63CE32AAE9A09003F22FE /* Scene */,
			);
			path = SeSAC3FreeImages;
			sourceTree = "<group>";
		};
		38F63CE22AAE99FD003F22FE /* Application */ = {
			isa = PBXGroup;
			children = (
				38F63CCE2AAE997D003F22FE /* AppDelegate.swift */,
				38F63CD02AAE997D003F22FE /* SceneDelegate.swift */,
			);
			path = Application;
			sourceTree = "<group>";
		};
		38F63CE32AAE9A09003F22FE /* Scene */ = {
			isa = PBXGroup;
			children = (
				38F63CE52AAE9A30003F22FE /* Storyboard */,
				38F63CE42AAE9A12003F22FE /* VIewController */,
			);
			path = Scene;
			sourceTree = "<group>";
		};
		38F63CE42AAE9A12003F22FE /* VIewController */ = {
			isa = PBXGroup;
			children = (
				38F63CD22AAE997D003F22FE /* ViewController.swift */,
				38F63CFB2AAEBDE7003F22FE /* InfoPlist.strings */,
				38F63CF02AAEAE33003F22FE /* Localizable.strings */,
			);
			path = VIewController;
			sourceTree = "<group>";
		};
		38F63CE52AAE9A30003F22FE /* Storyboard */ = {
			isa = PBXGroup;
			children = (
				38F63CD42AAE997D003F22FE /* Main.storyboard */,
				38F63CD92AAE9980003F22FE /* LaunchScreen.storyboard */,
			);
			path = Storyboard;
			sourceTree = "<group>";
		};
		38F63CF42AAEBAC9003F22FE /* Extension */ = {
			isa = PBXGroup;
			children = (
				38F63CF52AAEBAD1003F22FE /* String+Extension.swift */,
			);
			path = Extension;
			sourceTree = "<group>";
		};
/* End PBXGroup section */

/* Begin PBXNativeTarget section */
		38F63CCA2AAE997D003F22FE /* SeSAC3FreeImages */ = {
			isa = PBXNativeTarget;
			buildConfigurationList = 38F63CDF2AAE9980003F22FE /* Build configuration list for PBXNativeTarget "SeSAC3FreeImages" */;
			buildPhases = (
				38F63CC72AAE997D003F22FE /* Sources */,
				38F63CC82AAE997D003F22FE /* Frameworks */,
				38F63CC92AAE997D003F22FE /* Resources */,
			);
			buildRules = (
			);
			dependencies = (
			);
			name = SeSAC3FreeImages;
			productName = SeSAC3FreeImages;
			productReference = 38F63CCB2AAE997D003F22FE /* SeSAC3FreeImages.app */;
			productType = "com.apple.product-type.application";
		};
/* End PBXNativeTarget section */

/* Begin PBXProject section */
		38F63CC32AAE997D003F22FE /* Project object */ = {
			isa = PBXProject;
			attributes = {
				BuildIndependentTargetsInParallel = 1;
				LastSwiftUpdateCheck = 1430;
				LastUpgradeCheck = 1430;
				TargetAttributes = {
					38F63CCA2AAE997D003F22FE = {
						CreatedOnToolsVersion = 14.3.1;
					};
				};
			};
			buildConfigurationList = 38F63CC62AAE997D003F22FE /* Build configuration list for PBXProject "SeSAC3FreeImages" */;
			compatibilityVersion = "Xcode 14.0";
			developmentRegion = en;
			hasScannedForEncodings = 0;
			knownRegions = (
				en,
				Base,
				ko,
				ja,
			);
			mainGroup = 38F63CC22AAE997D003F22FE;
			productRefGroup = 38F63CCC2AAE997D003F22FE /* Products */;
			projectDirPath = "";
			projectRoot = "";
			targets = (
				38F63CCA2AAE997D003F22FE /* SeSAC3FreeImages */,
			);
		};
/* End PBXProject section */

/* Begin PBXResourcesBuildPhase section */
		38F63CC92AAE997D003F22FE /* Resources */ = {
			isa = PBXResourcesBuildPhase;
			buildActionMask = 2147483647;
			files = (
				38F63CDB2AAE9980003F22FE /* LaunchScreen.storyboard in Resources */,
				38F63CEE2AAEAE33003F22FE /* Localizable.strings in Resources */,
				38F63CD82AAE9980003F22FE /* Assets.xcassets in Resources */,
				38F63CD62AAE997D003F22FE /* Main.storyboard in Resources */,
				38F63CF92AAEBDE7003F22FE /* InfoPlist.strings in Resources */,
			);
			runOnlyForDeploymentPostprocessing = 0;
		};
/* End PBXResourcesBuildPhase section */

/* Begin PBXSourcesBuildPhase section */
		38F63CC72AAE997D003F22FE /* Sources */ = {
			isa = PBXSourcesBuildPhase;
			buildActionMask = 2147483647;
			files = (
				38F63CF62AAEBAD1003F22FE /* String+Extension.swift in Sources */,
				38F63CD32AAE997D003F22FE /* ViewController.swift in Sources */,
				38F63CCF2AAE997D003F22FE /* AppDelegate.swift in Sources */,
				38F63CD12AAE997D003F22FE /* SceneDelegate.swift in Sources */,
			);
			runOnlyForDeploymentPostprocessing = 0;
		};
/* End PBXSourcesBuildPhase section */

/* Begin PBXVariantGroup section */
		38F63CD42AAE997D003F22FE /* Main.storyboard */ = {
			isa = PBXVariantGroup;
			children = (
				38F63CD52AAE997D003F22FE /* Base */,
				38F63CE62AAE9CC6003F22FE /* ko */,
				38F63CE82AAE9CD0003F22FE /* ja */,
				38F63CEB2AAE9DC3003F22FE /* en */,
			);
			name = Main.storyboard;
			sourceTree = "<group>";
		};
		38F63CD92AAE9980003F22FE /* LaunchScreen.storyboard */ = {
			isa = PBXVariantGroup;
			children = (
				38F63CDA2AAE9980003F22FE /* Base */,
				38F63CE72AAE9CC6003F22FE /* ko */,
				38F63CE92AAE9CD0003F22FE /* ja */,
			);
			name = LaunchScreen.storyboard;
			sourceTree = "<group>";
		};
		38F63CF02AAEAE33003F22FE /* Localizable.strings */ = {
			isa = PBXVariantGroup;
			children = (
				38F63CEF2AAEAE33003F22FE /* en */,
				38F63CF12AAEAE39003F22FE /* ja */,
				38F63CF22AAEAE3A003F22FE /* ko */,
			);
			name = Localizable.strings;
			sourceTree = "<group>";
		};
		38F63CFB2AAEBDE7003F22FE /* InfoPlist.strings */ = {
			isa = PBXVariantGroup;
			children = (
				38F63CFA2AAEBDE7003F22FE /* en */,
				38F63CFC2AAEBDEB003F22FE /* ja */,
				38F63CFD2AAEBDEB003F22FE /* ko */,
			);
			name = InfoPlist.strings;
			sourceTree = "<group>";
		};
/* End PBXVariantGroup section */

/* Begin XCBuildConfiguration section */
		38F63CDD2AAE9980003F22FE /* Debug */ = {
			isa = XCBuildConfiguration;
			buildSettings = {
				ALWAYS_SEARCH_USER_PATHS = NO;
				CLANG_ANALYZER_LOCALIZABILITY_NONLOCALIZED = YES;
				CLANG_ANALYZER_NONNULL = YES;
				CLANG_ANALYZER_NUMBER_OBJECT_CONVERSION = YES_AGGRESSIVE;
				CLANG_CXX_LANGUAGE_STANDARD = "gnu++20";
				CLANG_ENABLE_MODULES = YES;
				CLANG_ENABLE_OBJC_ARC = YES;
				CLANG_ENABLE_OBJC_WEAK = YES;
				CLANG_WARN_BLOCK_CAPTURE_AUTORELEASING = YES;
				CLANG_WARN_BOOL_CONVERSION = YES;
				CLANG_WARN_COMMA = YES;
				CLANG_WARN_CONSTANT_CONVERSION = YES;
				CLANG_WARN_DEPRECATED_OBJC_IMPLEMENTATIONS = YES;
				CLANG_WARN_DIRECT_OBJC_ISA_USAGE = YES_ERROR;
				CLANG_WARN_DOCUMENTATION_COMMENTS = YES;
				CLANG_WARN_EMPTY_BODY = YES;
				CLANG_WARN_ENUM_CONVERSION = YES;
				CLANG_WARN_INFINITE_RECURSION = YES;
				CLANG_WARN_INT_CONVERSION = YES;
				CLANG_WARN_NON_LITERAL_NULL_CONVERSION = YES;
				CLANG_WARN_OBJC_IMPLICIT_RETAIN_SELF = YES;
				CLANG_WARN_OBJC_LITERAL_CONVERSION = YES;
				CLANG_WARN_OBJC_ROOT_CLASS = YES_ERROR;
				CLANG_WARN_QUOTED_INCLUDE_IN_FRAMEWORK_HEADER = YES;
				CLANG_WARN_RANGE_LOOP_ANALYSIS = YES;
				CLANG_WARN_STRICT_PROTOTYPES = YES;
				CLANG_WARN_SUSPICIOUS_MOVE = YES;
				CLANG_WARN_UNGUARDED_AVAILABILITY = YES_AGGRESSIVE;
				CLANG_WARN_UNREACHABLE_CODE = YES;
				CLANG_WARN__DUPLICATE_METHOD_MATCH = YES;
				COPY_PHASE_STRIP = NO;
				DEBUG_INFORMATION_FORMAT = dwarf;
				ENABLE_STRICT_OBJC_MSGSEND = YES;
				ENABLE_TESTABILITY = YES;
				GCC_C_LANGUAGE_STANDARD = gnu11;
				GCC_DYNAMIC_NO_PIC = NO;
				GCC_NO_COMMON_BLOCKS = YES;
				GCC_OPTIMIZATION_LEVEL = 0;
				GCC_PREPROCESSOR_DEFINITIONS = (
					"DEBUG=1",
					"$(inherited)",
				);
				GCC_WARN_64_TO_32_BIT_CONVERSION = YES;
				GCC_WARN_ABOUT_RETURN_TYPE = YES_ERROR;
				GCC_WARN_UNDECLARED_SELECTOR = YES;
				GCC_WARN_UNINITIALIZED_AUTOS = YES_AGGRESSIVE;
				GCC_WARN_UNUSED_FUNCTION = YES;
				GCC_WARN_UNUSED_VARIABLE = YES;
				IPHONEOS_DEPLOYMENT_TARGET = 16.4;
				MTL_ENABLE_DEBUG_INFO = INCLUDE_SOURCE;
				MTL_FAST_MATH = YES;
				ONLY_ACTIVE_ARCH = YES;
				SDKROOT = iphoneos;
				SWIFT_ACTIVE_COMPILATION_CONDITIONS = DEBUG;
				SWIFT_OPTIMIZATION_LEVEL = "-Onone";
			};
			name = Debug;
		};
		38F63CDE2AAE9980003F22FE /* Release */ = {
			isa = XCBuildConfiguration;
			buildSettings = {
				ALWAYS_SEARCH_USER_PATHS = NO;
				CLANG_ANALYZER_LOCALIZABILITY_NONLOCALIZED = YES;
				CLANG_ANALYZER_NONNULL = YES;
				CLANG_ANALYZER_NUMBER_OBJECT_CONVERSION = YES_AGGRESSIVE;
				CLANG_CXX_LANGUAGE_STANDARD = "gnu++20";
				CLANG_ENABLE_MODULES = YES;
				CLANG_ENABLE_OBJC_ARC = YES;
				CLANG_ENABLE_OBJC_WEAK = YES;
				CLANG_WARN_BLOCK_CAPTURE_AUTORELEASING = YES;
				CLANG_WARN_BOOL_CONVERSION = YES;
				CLANG_WARN_COMMA = YES;
				CLANG_WARN_CONSTANT_CONVERSION = YES;
				CLANG_WARN_DEPRECATED_OBJC_IMPLEMENTATIONS = YES;
				CLANG_WARN_DIRECT_OBJC_ISA_USAGE = YES_ERROR;
				CLANG_WARN_DOCUMENTATION_COMMENTS = YES;
				CLANG_WARN_EMPTY_BODY = YES;
				CLANG_WARN_ENUM_CONVERSION = YES;
				CLANG_WARN_INFINITE_RECURSION = YES;
				CLANG_WARN_INT_CONVERSION = YES;
				CLANG_WARN_NON_LITERAL_NULL_CONVERSION = YES;
				CLANG_WARN_OBJC_IMPLICIT_RETAIN_SELF = YES;
				CLANG_WARN_OBJC_LITERAL_CONVERSION = YES;
				CLANG_WARN_OBJC_ROOT_CLASS = YES_ERROR;
				CLANG_WARN_QUOTED_INCLUDE_IN_FRAMEWORK_HEADER = YES;
				CLANG_WARN_RANGE_LOOP_ANALYSIS = YES;
				CLANG_WARN_STRICT_PROTOTYPES = YES;
				CLANG_WARN_SUSPICIOUS_MOVE = YES;
				CLANG_WARN_UNGUARDED_AVAILABILITY = YES_AGGRESSIVE;
				CLANG_WARN_UNREACHABLE_CODE = YES;
				CLANG_WARN__DUPLICATE_METHOD_MATCH = YES;
				COPY_PHASE_STRIP = NO;
				DEBUG_INFORMATION_FORMAT = "dwarf-with-dsym";
				ENABLE_NS_ASSERTIONS = NO;
				ENABLE_STRICT_OBJC_MSGSEND = YES;
				GCC_C_LANGUAGE_STANDARD = gnu11;
				GCC_NO_COMMON_BLOCKS = YES;
				GCC_WARN_64_TO_32_BIT_CONVERSION = YES;
				GCC_WARN_ABOUT_RETURN_TYPE = YES_ERROR;
				GCC_WARN_UNDECLARED_SELECTOR = YES;
				GCC_WARN_UNINITIALIZED_AUTOS = YES_AGGRESSIVE;
				GCC_WARN_UNUSED_FUNCTION = YES;
				GCC_WARN_UNUSED_VARIABLE = YES;
				IPHONEOS_DEPLOYMENT_TARGET = 16.4;
				MTL_ENABLE_DEBUG_INFO = NO;
				MTL_FAST_MATH = YES;
				SDKROOT = iphoneos;
				SWIFT_COMPILATION_MODE = wholemodule;
				SWIFT_OPTIMIZATION_LEVEL = "-O";
				VALIDATE_PRODUCT = YES;
			};
			name = Release;
		};
		38F63CE02AAE9980003F22FE /* Debug */ = {
			isa = XCBuildConfiguration;
			buildSettings = {
				ASSETCATALOG_COMPILER_APPICON_NAME = AppIcon;
				ASSETCATALOG_COMPILER_GLOBAL_ACCENT_COLOR_NAME = AccentColor;
				CODE_SIGN_STYLE = Automatic;
				CURRENT_PROJECT_VERSION = 1;
				DEVELOPMENT_TEAM = 3UNP2C529F;
				GENERATE_INFOPLIST_FILE = YES;
				INFOPLIST_FILE = SeSAC3FreeImages/Info.plist;
				INFOPLIST_KEY_UIApplicationSupportsIndirectInputEvents = YES;
				INFOPLIST_KEY_UILaunchStoryboardName = LaunchScreen;
				INFOPLIST_KEY_UIMainStoryboardFile = Main;
				INFOPLIST_KEY_UISupportedInterfaceOrientations = UIInterfaceOrientationPortrait;
				INFOPLIST_KEY_UISupportedInterfaceOrientations_iPad = "UIInterfaceOrientationLandscapeLeft UIInterfaceOrientationPortrait";
				IPHONEOS_DEPLOYMENT_TARGET = 16.0;
				LD_RUNPATH_SEARCH_PATHS = (
					"$(inherited)",
					"@executable_path/Frameworks",
				);
				MARKETING_VERSION = 1.0;
				PRODUCT_BUNDLE_IDENTIFIER = com.andyarchive.SeSAC3FreeImages;
				PRODUCT_NAME = "$(TARGET_NAME)";
				SUPPORTED_PLATFORMS = "iphoneos iphonesimulator";
				SUPPORTS_MACCATALYST = NO;
				SUPPORTS_MAC_DESIGNED_FOR_IPHONE_IPAD = NO;
				SWIFT_EMIT_LOC_STRINGS = YES;
				SWIFT_VERSION = 5.0;
				TARGETED_DEVICE_FAMILY = 1;
			};
			name = Debug;
		};
		38F63CE12AAE9980003F22FE /* Release */ = {
			isa = XCBuildConfiguration;
			buildSettings = {
				ASSETCATALOG_COMPILER_APPICON_NAME = AppIcon;
				ASSETCATALOG_COMPILER_GLOBAL_ACCENT_COLOR_NAME = AccentColor;
				CODE_SIGN_STYLE = Automatic;
				CURRENT_PROJECT_VERSION = 1;
				DEVELOPMENT_TEAM = 3UNP2C529F;
				GENERATE_INFOPLIST_FILE = YES;
				INFOPLIST_FILE = SeSAC3FreeImages/Info.plist;
				INFOPLIST_KEY_UIApplicationSupportsIndirectInputEvents = YES;
				INFOPLIST_KEY_UILaunchStoryboardName = LaunchScreen;
				INFOPLIST_KEY_UIMainStoryboardFile = Main;
				INFOPLIST_KEY_UISupportedInterfaceOrientations = UIInterfaceOrientationPortrait;
				INFOPLIST_KEY_UISupportedInterfaceOrientations_iPad = "UIInterfaceOrientationLandscapeLeft UIInterfaceOrientationPortrait";
				IPHONEOS_DEPLOYMENT_TARGET = 16.0;
				LD_RUNPATH_SEARCH_PATHS = (
					"$(inherited)",
					"@executable_path/Frameworks",
				);
				MARKETING_VERSION = 1.0;
				PRODUCT_BUNDLE_IDENTIFIER = com.andyarchive.SeSAC3FreeImages;
				PRODUCT_NAME = "$(TARGET_NAME)";
				SUPPORTED_PLATFORMS = "iphoneos iphonesimulator";
				SUPPORTS_MACCATALYST = NO;
				SUPPORTS_MAC_DESIGNED_FOR_IPHONE_IPAD = NO;
				SWIFT_EMIT_LOC_STRINGS = YES;
				SWIFT_VERSION = 5.0;
				TARGETED_DEVICE_FAMILY = 1;
			};
			name = Release;
		};
/* End XCBuildConfiguration section */

/* Begin XCConfigurationList section */
		38F63CC62AAE997D003F22FE /* Build configuration list for PBXProject "SeSAC3FreeImages" */ = {
			isa = XCConfigurationList;
			buildConfigurations = (
				38F63CDD2AAE9980003F22FE /* Debug */,
				38F63CDE2AAE9980003F22FE /* Release */,
			);
			defaultConfigurationIsVisible = 0;
			defaultConfigurationName = Release;
		};
		38F63CDF2AAE9980003F22FE /* Build configuration list for PBXNativeTarget "SeSAC3FreeImages" */ = {
			isa = XCConfigurationList;
			buildConfigurations = (
				38F63CE02AAE9980003F22FE /* Debug */,
				38F63CE12AAE9980003F22FE /* Release */,
			);
			defaultConfigurationIsVisible = 0;
			defaultConfigurationName = Release;
		};
/* End XCConfigurationList section */
	};
	rootObject = 38F63CC32AAE997D003F22FE /* Project object */;
}
